
Microsoft Visual Studio Solution File, Format Version 12.00
# Visual Studio Version 17
Project("{8BC9CEB8-8B4A-11D0-8D11-00A0C91BC942}") = "ALL_BUILD", "ALL_BUILD.vcxproj", "{4CE576EA-10D1-3CED-8746-BB1D93E17DE8}"
	ProjectSection(ProjectDependencies) = postProject
		{16289D0F-3B52-3956-930D-411D133B859E} = {16289D0F-3B52-3956-930D-411D133B859E}
		{EFD2926B-4226-3545-8987-3E79BC5915D6} = {EFD2926B-4226-3545-8987-3E79BC5915D6}
		{AD5D4E42-DF60-3B45-B7BB-45D1063DB9A9} = {AD5D4E42-DF60-3B45-B7BB-45D1063DB9A9}
		{74868207-D17C-3EF7-A6E7-5C2D6EBE0661} = {74868207-D17C-3EF7-A6E7-5C2D6EBE0661}
	EndProjectSection
EndProject
Project("{8BC9CEB8-8B4A-11D0-8D11-00A0C91BC942}") = "GeodeBindings", "bindings\GeodeBindings.vcxproj", "{16289D0F-3B52-3956-930D-411D133B859E}"
	ProjectSection(ProjectDependencies) = postProject
		{74868207-D17C-3EF7-A6E7-5C2D6EBE0661} = {74868207-D17C-3EF7-A6E7-5C2D6EBE0661}
		{7BA4DCE5-FBDE-3332-A928-AEEB71FF15BA} = {7BA4DCE5-FBDE-3332-A928-AEEB71FF15BA}
	EndProjectSection
EndProject
Project("{8BC9CEB8-8B4A-11D0-8D11-00A0C91BC942}") = "HideMenuUI", "HideMenuUI.vcxproj", "{EFD2926B-4226-3545-8987-3E79BC5915D6}"
	ProjectSection(ProjectDependencies) = postProject
		{16289D0F-3B52-3956-930D-411D133B859E} = {16289D0F-3B52-3956-930D-411D133B859E}
		{74868207-D17C-3EF7-A6E7-5C2D6EBE0661} = {74868207-D17C-3EF7-A6E7-5C2D6EBE0661}
		{7BA4DCE5-FBDE-3332-A928-AEEB71FF15BA} = {7BA4DCE5-FBDE-3332-A928-AEEB71FF15BA}
	EndProjectSection
EndProject
Project("{8BC9CEB8-8B4A-11D0-8D11-00A0C91BC942}") = "HideMenuUI_PACKAGE", "HideMenuUI_PACKAGE.vcxproj", "{AD5D4E42-DF60-3B45-B7BB-45D1063DB9A9}"
	ProjectSection(ProjectDependencies) = postProject
		{EFD2926B-4226-3545-8987-3E79BC5915D6} = {EFD2926B-4226-3545-8987-3E79BC5915D6}
		{74868207-D17C-3EF7-A6E7-5C2D6EBE0661} = {74868207-D17C-3EF7-A6E7-5C2D6EBE0661}
	EndProjectSection
EndProject
Project("{8BC9CEB8-8B4A-11D0-8D11-00A0C91BC942}") = "INSTALL", "INSTALL.vcxproj", "{7D3F6D7E-C978-39D4-A608-524122319B4C}"
	ProjectSection(ProjectDependencies) = postProject
		{4CE576EA-10D1-3CED-8746-BB1D93E17DE8} = {4CE576EA-10D1-3CED-8746-BB1D93E17DE8}
		{74868207-D17C-3EF7-A6E7-5C2D6EBE0661} = {74868207-D17C-3EF7-A6E7-5C2D6EBE0661}
	EndProjectSection
EndProject
Project("{8BC9CEB8-8B4A-11D0-8D11-00A0C91BC942}") = "ZERO_CHECK", "ZERO_CHECK.vcxproj", "{74868207-D17C-3EF7-A6E7-5C2D6EBE0661}"
	ProjectSection(ProjectDependencies) = postProject
	EndProjectSection
EndProject
Project("{8BC9CEB8-8B4A-11D0-8D11-00A0C91BC942}") = "fmt", "_deps\fmt-build\fmt.vcxproj", "{7BA4DCE5-FBDE-3332-A928-AEEB71FF15BA}"
	ProjectSection(ProjectDependencies) = postProject
		{74868207-D17C-3EF7-A6E7-5C2D6EBE0661} = {74868207-D17C-3EF7-A6E7-5C2D6EBE0661}
	EndProjectSection
EndProject
Global
	GlobalSection(SolutionConfigurationPlatforms) = preSolution
		Debug|x64 = Debug|x64
		Release|x64 = Release|x64
		MinSizeRel|x64 = MinSizeRel|x64
		RelWithDebInfo|x64 = RelWithDebInfo|x64
	EndGlobalSection
	GlobalSection(ProjectConfigurationPlatforms) = postSolution
		{4CE576EA-10D1-3CED-8746-BB1D93E17DE8}.Debug|x64.ActiveCfg = Debug|x64
		{4CE576EA-10D1-3CED-8746-BB1D93E17DE8}.Debug|x64.Build.0 = Debug|x64
		{4CE576EA-10D1-3CED-8746-BB1D93E17DE8}.Release|x64.ActiveCfg = Release|x64
		{4CE576EA-10D1-3CED-8746-BB1D93E17DE8}.Release|x64.Build.0 = Release|x64
		{4CE576EA-10D1-3CED-8746-BB1D93E17DE8}.MinSizeRel|x64.ActiveCfg = MinSizeRel|x64
		{4CE576EA-10D1-3CED-8746-BB1D93E17DE8}.MinSizeRel|x64.Build.0 = MinSizeRel|x64
		{4CE576EA-10D1-3CED-8746-BB1D93E17DE8}.RelWithDebInfo|x64.ActiveCfg = RelWithDebInfo|x64
		{4CE576EA-10D1-3CED-8746-BB1D93E17DE8}.RelWithDebInfo|x64.Build.0 = RelWithDebInfo|x64
		{16289D0F-3B52-3956-930D-411D133B859E}.Debug|x64.ActiveCfg = Debug|x64
		{16289D0F-3B52-3956-930D-411D133B859E}.Debug|x64.Build.0 = Debug|x64
		{16289D0F-3B52-3956-930D-411D133B859E}.Release|x64.ActiveCfg = Release|x64
		{16289D0F-3B52-3956-930D-411D133B859E}.Release|x64.Build.0 = Release|x64
		{16289D0F-3B52-3956-930D-411D133B859E}.MinSizeRel|x64.ActiveCfg = MinSizeRel|x64
		{16289D0F-3B52-3956-930D-411D133B859E}.MinSizeRel|x64.Build.0 = MinSizeRel|x64
		{16289D0F-3B52-3956-930D-411D133B859E}.RelWithDebInfo|x64.ActiveCfg = RelWithDebInfo|x64
		{16289D0F-3B52-3956-930D-411D133B859E}.RelWithDebInfo|x64.Build.0 = RelWithDebInfo|x64
		{EFD2926B-4226-3545-8987-3E79BC5915D6}.Debug|x64.ActiveCfg = Debug|x64
		{EFD2926B-4226-3545-8987-3E79BC5915D6}.Debug|x64.Build.0 = Debug|x64
		{EFD2926B-4226-3545-8987-3E79BC5915D6}.Release|x64.ActiveCfg = Release|x64
		{EFD2926B-4226-3545-8987-3E79BC5915D6}.Release|x64.Build.0 = Release|x64
		{EFD2926B-4226-3545-8987-3E79BC5915D6}.MinSizeRel|x64.ActiveCfg = MinSizeRel|x64
		{EFD2926B-4226-3545-8987-3E79BC5915D6}.MinSizeRel|x64.Build.0 = MinSizeRel|x64
		{EFD2926B-4226-3545-8987-3E79BC5915D6}.RelWithDebInfo|x64.ActiveCfg = RelWithDebInfo|x64
		{EFD2926B-4226-3545-8987-3E79BC5915D6}.RelWithDebInfo|x64.Build.0 = RelWithDebInfo|x64
		{AD5D4E42-DF60-3B45-B7BB-45D1063DB9A9}.Debug|x64.ActiveCfg = Debug|x64
		{AD5D4E42-DF60-3B45-B7BB-45D1063DB9A9}.Debug|x64.Build.0 = Debug|x64
		{AD5D4E42-DF60-3B45-B7BB-45D1063DB9A9}.Release|x64.ActiveCfg = Release|x64
		{AD5D4E42-DF60-3B45-B7BB-45D1063DB9A9}.Release|x64.Build.0 = Release|x64
		{AD5D4E42-DF60-3B45-B7BB-45D1063DB9A9}.MinSizeRel|x64.ActiveCfg = MinSizeRel|x64
		{AD5D4E42-DF60-3B45-B7BB-45D1063DB9A9}.MinSizeRel|x64.Build.0 = MinSizeRel|x64
		{AD5D4E42-DF60-3B45-B7BB-45D1063DB9A9}.RelWithDebInfo|x64.ActiveCfg = RelWithDebInfo|x64
		{AD5D4E42-DF60-3B45-B7BB-45D1063DB9A9}.RelWithDebInfo|x64.Build.0 = RelWithDebInfo|x64
		{7D3F6D7E-C978-39D4-A608-524122319B4C}.Debug|x64.ActiveCfg = Debug|x64
		{7D3F6D7E-C978-39D4-A608-524122319B4C}.Release|x64.ActiveCfg = Release|x64
		{7D3F6D7E-C978-39D4-A608-524122319B4C}.MinSizeRel|x64.ActiveCfg = MinSizeRel|x64
		{7D3F6D7E-C978-39D4-A608-524122319B4C}.RelWithDebInfo|x64.ActiveCfg = RelWithDebInfo|x64
		{74868207-D17C-3EF7-A6E7-5C2D6EBE0661}.Debug|x64.ActiveCfg = Debug|x64
		{74868207-D17C-3EF7-A6E7-5C2D6EBE0661}.Debug|x64.Build.0 = Debug|x64
		{74868207-D17C-3EF7-A6E7-5C2D6EBE0661}.Release|x64.ActiveCfg = Release|x64
		{74868207-D17C-3EF7-A6E7-5C2D6EBE0661}.Release|x64.Build.0 = Release|x64
		{74868207-D17C-3EF7-A6E7-5C2D6EBE0661}.MinSizeRel|x64.ActiveCfg = MinSizeRel|x64
		{74868207-D17C-3EF7-A6E7-5C2D6EBE0661}.MinSizeRel|x64.Build.0 = MinSizeRel|x64
		{74868207-D17C-3EF7-A6E7-5C2D6EBE0661}.RelWithDebInfo|x64.ActiveCfg = RelWithDebInfo|x64
		{74868207-D17C-3EF7-A6E7-5C2D6EBE0661}.RelWithDebInfo|x64.Build.0 = RelWithDebInfo|x64
		{7BA4DCE5-FBDE-3332-A928-AEEB71FF15BA}.Debug|x64.ActiveCfg = Debug|x64
		{7BA4DCE5-FBDE-3332-A928-AEEB71FF15BA}.Debug|x64.Build.0 = Debug|x64
		{7BA4DCE5-FBDE-3332-A928-AEEB71FF15BA}.Release|x64.ActiveCfg = Release|x64
		{7BA4DCE5-FBDE-3332-A928-AEEB71FF15BA}.Release|x64.Build.0 = Release|x64
		{7BA4DCE5-FBDE-3332-A928-AEEB71FF15BA}.MinSizeRel|x64.ActiveCfg = MinSizeRel|x64
		{7BA4DCE5-FBDE-3332-A928-AEEB71FF15BA}.MinSizeRel|x64.Build.0 = MinSizeRel|x64
		{7BA4DCE5-FBDE-3332-A928-AEEB71FF15BA}.RelWithDebInfo|x64.ActiveCfg = RelWithDebInfo|x64
		{7BA4DCE5-FBDE-3332-A928-AEEB71FF15BA}.RelWithDebInfo|x64.Build.0 = RelWithDebInfo|x64
	EndGlobalSection
	GlobalSection(ExtensibilityGlobals) = postSolution
		SolutionGuid = {C05CA918-4C89-3882-BA44-41C06760E78D}
	EndGlobalSection
	GlobalSection(ExtensibilityAddIns) = postSolution
	EndGlobalSection
EndGlobal
