<?xml version="1.0" encoding="utf-8"?>
<Project ToolsVersion="17.0" xmlns="http://schemas.microsoft.com/developer/msbuild/2003">
  <ItemGroup>
    <CustomBuild Include="C:\Users\sebas\GDmodding\HideMenuUI\CMakeFiles\f6e1ddf6284e0f67bb6c2b37641dc928\INSTALL_force.rule">
      <Filter>CMake Rules</Filter>
    </CustomBuild>
  </ItemGroup>
  <ItemGroup>
    <Filter Include="CMake Rules">
      <UniqueIdentifier>{F036EA44-87C0-3AF3-A17D-3FED167CDF68}</UniqueIdentifier>
    </Filter>
  </ItemGroup>
</Project>
